Microsoft Visual Studio Solution File, Format Version 11.00
# Visual Studio 2008

Project("{7C1FC852-556C-E4B9-305A-1528DBDEA2B9}") = "Infinite Dust 0.1.0.0", "Assembly-CSharp-firstpass.csproj", "{54F6C659-B6CE-6CD3-B748-52C991C3D432}"
EndProject
Project("{7C1FC852-556C-E4B9-305A-1528DBDEA2B9}") = "Infinite Dust 0.1.0.0", "Assembly-CSharp.csproj", "{C93559EC-D75D-FBA9-42C0-1EFEBD95F34D}"
EndProject
Project("{7C1FC852-556C-E4B9-305A-1528DBDEA2B9}") = "Infinite Dust 0.1.0.0", "Assembly-CSharp-Editor.csproj", "{6C96D028-9896-F669-08F0-5FA57F619688}"
EndProject
Project("{7C1FC852-556C-E4B9-305A-1528DBDEA2B9}") = "Infinite Dust 0.1.0.0", "Assembly-UnityScript-firstpass.unityproj", "{ABABB7E0-2FAC-7AC2-C8F8-1A4B6BA1CDD0}"
EndProject
Project("{7C1FC852-556C-E4B9-305A-1528DBDEA2B9}") = "Infinite Dust 0.1.0.0", "Assembly-UnityScript.unityproj", "{F3ACE745-C180-F1FF-5504-B9B73C088D29}"
EndProject
Project("{7C1FC852-556C-E4B9-305A-1528DBDEA2B9}") = "Infinite Dust 0.1.0.0", "Assembly-UnityScript-Editor.unityproj", "{A79C61E6-A57A-E641-A172-080E955C864E}"
EndProject
Global
	GlobalSection(SolutionConfigurationPlatforms) = preSolution
		Debug|Any CPU = Debug|Any CPU
		Release|Any CPU = Release|Any CPU
	EndGlobalSection
	GlobalSection(ProjectConfigurationPlatforms) = postSolution
		{54F6C659-B6CE-6CD3-B748-52C991C3D432}.Debug|Any CPU.ActiveCfg = Debug|Any CPU
		{54F6C659-B6CE-6CD3-B748-52C991C3D432}.Debug|Any CPU.Build.0 = Debug|Any CPU
		{54F6C659-B6CE-6CD3-B748-52C991C3D432}.Release|Any CPU.ActiveCfg = Release|Any CPU
		{54F6C659-B6CE-6CD3-B748-52C991C3D432}.Release|Any CPU.Build.0 = Release|Any CPU
		{C93559EC-D75D-FBA9-42C0-1EFEBD95F34D}.Debug|Any CPU.ActiveCfg = Debug|Any CPU
		{C93559EC-D75D-FBA9-42C0-1EFEBD95F34D}.Debug|Any CPU.Build.0 = Debug|Any CPU
		{C93559EC-D75D-FBA9-42C0-1EFEBD95F34D}.Release|Any CPU.ActiveCfg = Release|Any CPU
		{C93559EC-D75D-FBA9-42C0-1EFEBD95F34D}.Release|Any CPU.Build.0 = Release|Any CPU
		{6C96D028-9896-F669-08F0-5FA57F619688}.Debug|Any CPU.ActiveCfg = Debug|Any CPU
		{6C96D028-9896-F669-08F0-5FA57F619688}.Debug|Any CPU.Build.0 = Debug|Any CPU
		{6C96D028-9896-F669-08F0-5FA57F619688}.Release|Any CPU.ActiveCfg = Release|Any CPU
		{6C96D028-9896-F669-08F0-5FA57F619688}.Release|Any CPU.Build.0 = Release|Any CPU
		{ABABB7E0-2FAC-7AC2-C8F8-1A4B6BA1CDD0}.Debug|Any CPU.ActiveCfg = Debug|Any CPU
		{ABABB7E0-2FAC-7AC2-C8F8-1A4B6BA1CDD0}.Debug|Any CPU.Build.0 = Debug|Any CPU
		{ABABB7E0-2FAC-7AC2-C8F8-1A4B6BA1CDD0}.Release|Any CPU.ActiveCfg = Release|Any CPU
		{ABABB7E0-2FAC-7AC2-C8F8-1A4B6BA1CDD0}.Release|Any CPU.Build.0 = Release|Any CPU
		{F3ACE745-C180-F1FF-5504-B9B73C088D29}.Debug|Any CPU.ActiveCfg = Debug|Any CPU
		{F3ACE745-C180-F1FF-5504-B9B73C088D29}.Debug|Any CPU.Build.0 = Debug|Any CPU
		{F3ACE745-C180-F1FF-5504-B9B73C088D29}.Release|Any CPU.ActiveCfg = Release|Any CPU
		{F3ACE745-C180-F1FF-5504-B9B73C088D29}.Release|Any CPU.Build.0 = Release|Any CPU
		{A79C61E6-A57A-E641-A172-080E955C864E}.Debug|Any CPU.ActiveCfg = Debug|Any CPU
		{A79C61E6-A57A-E641-A172-080E955C864E}.Debug|Any CPU.Build.0 = Debug|Any CPU
		{A79C61E6-A57A-E641-A172-080E955C864E}.Release|Any CPU.ActiveCfg = Release|Any CPU
		{A79C61E6-A57A-E641-A172-080E955C864E}.Release|Any CPU.Build.0 = Release|Any CPU
	EndGlobalSection
	GlobalSection(SolutionProperties) = preSolution
		HideSolutionNode = FALSE
	EndGlobalSection
																																															GlobalSection(MonoDevelopProperties) = preSolution
		StartupItem = Assembly-CSharp.csproj
		Policies = $0
		$0.TextStylePolicy = $1
		$1.inheritsSet = null
		$1.scope = text/x-csharp
		$0.CSharpFormattingPolicy = $2
		$2.inheritsSet = Mono
		$2.inheritsScope = text/x-csharp
		$2.scope = text/x-csharp
		$0.TextStylePolicy = $3
		$3.FileWidth = 120
		$3.TabWidth = 4
		$3.IndentWidth = 4
		$3.EolMarker = Unix
		$3.inheritsSet = Mono
		$3.inheritsScope = text/plain
		$3.scope = text/plain
	EndGlobalSection

EndGlobal
